{
    "name": "@majidh1/regex-list",
    "version": "0.0.1",
    "lockfileVersion": 2,
    "requires": true,
    "packages": {
        "": {
            "name": "@majidh1/regex-list",
            "version": "0.0.1",
            "license": "MIT",
            "devDependencies": {
                "cli-color": "2.0.3"
            }
        },
        "node_modules/cli-color": {
            "version": "2.0.3",
            "dev": true,
            "license": "ISC",
            "dependencies": {
                "d": "^1.0.1",
                "es5-ext": "^0.10.61",
                "es6-iterator": "^2.0.3",
                "memoizee": "^0.4.15",
                "timers-ext": "^0.1.7"
            },
            "engines": {
                "node": ">=0.10"
            }
        },
        "node_modules/d": {
            "version": "1.0.1",
            "dev": true,
            "license": "ISC",
            "dependencies": {
                "es5-ext": "^0.10.50",
                "type": "^1.0.1"
            }
        },
        "node_modules/es5-ext": {
            "version": "0.10.62",
            "dev": true,
            "hasInstallScript": true,
            "license": "ISC",
            "dependencies": {
                "es6-iterator": "^2.0.3",
                "es6-symbol": "^3.1.3",
                "next-tick": "^1.1.0"
            },
            "engines": {
                "node": ">=0.10"
            }
        },
        "node_modules/es6-iterator": {
            "version": "2.0.3",
            "dev": true,
            "license": "MIT",
            "dependencies": {
                "d": "1",
                "es5-ext": "^0.10.35",
                "es6-symbol": "^3.1.1"
            }
        },
        "node_modules/es6-symbol": {
            "version": "3.1.3",
            "dev": true,
            "license": "ISC",
            "dependencies": {
                "d": "^1.0.1",
                "ext": "^1.1.2"
            }
        },
        "node_modules/es6-weak-map": {
            "version": "2.0.3",
            "dev": true,
            "license": "ISC",
            "dependencies": {
                "d": "1",
                "es5-ext": "^0.10.46",
                "es6-iterator": "^2.0.3",
                "es6-symbol": "^3.1.1"
            }
        },
        "node_modules/event-emitter": {
            "version": "0.3.5",
            "dev": true,
            "license": "MIT",
            "dependencies": {
                "d": "1",
                "es5-ext": "~0.10.14"
            }
        },
        "node_modules/ext": {
            "version": "1.7.0",
            "dev": true,
            "license": "ISC",
            "dependencies": {
                "type": "^2.7.2"
            }
        },
        "node_modules/ext/node_modules/type": {
            "version": "2.7.2",
            "dev": true,
            "license": "ISC"
        },
        "node_modules/is-promise": {
            "version": "2.2.2",
            "dev": true,
            "license": "MIT"
        },
        "node_modules/lru-queue": {
            "version": "0.1.0",
            "dev": true,
            "license": "MIT",
            "dependencies": {
                "es5-ext": "~0.10.2"
            }
        },
        "node_modules/memoizee": {
            "version": "0.4.15",
            "dev": true,
            "license": "ISC",
            "dependencies": {
                "d": "^1.0.1",
                "es5-ext": "^0.10.53",
                "es6-weak-map": "^2.0.3",
                "event-emitter": "^0.3.5",
                "is-promise": "^2.2.2",
                "lru-queue": "^0.1.0",
                "next-tick": "^1.1.0",
                "timers-ext": "^0.1.7"
            }
        },
        "node_modules/next-tick": {
            "version": "1.1.0",
            "dev": true,
            "license": "ISC"
        },
        "node_modules/timers-ext": {
            "version": "0.1.7",
            "dev": true,
            "license": "ISC",
            "dependencies": {
                "es5-ext": "~0.10.46",
                "next-tick": "1"
            }
        },
        "node_modules/type": {
            "version": "1.2.0",
            "dev": true,
            "license": "ISC"
        }
    },
    "dependencies": {
        "cli-color": {
            "version": "2.0.3",
            "dev": true,
            "requires": {
                "d": "^1.0.1",
                "es5-ext": "^0.10.61",
                "es6-iterator": "^2.0.3",
                "memoizee": "^0.4.15",
                "timers-ext": "^0.1.7"
            }
        },
        "d": {
            "version": "1.0.1",
            "dev": true,
            "requires": {
                "es5-ext": "^0.10.50",
                "type": "^1.0.1"
            }
        },
        "es5-ext": {
            "version": "0.10.62",
            "dev": true,
            "requires": {
                "es6-iterator": "^2.0.3",
                "es6-symbol": "^3.1.3",
                "next-tick": "^1.1.0"
            }
        },
        "es6-iterator": {
            "version": "2.0.3",
            "dev": true,
            "requires": {
                "d": "1",
                "es5-ext": "^0.10.35",
                "es6-symbol": "^3.1.1"
            }
        },
        "es6-symbol": {
            "version": "3.1.3",
            "dev": true,
            "requires": {
                "d": "^1.0.1",
                "ext": "^1.1.2"
            }
        },
        "es6-weak-map": {
            "version": "2.0.3",
            "dev": true,
            "requires": {
                "d": "1",
                "es5-ext": "^0.10.46",
                "es6-iterator": "^2.0.3",
                "es6-symbol": "^3.1.1"
            }
        },
        "event-emitter": {
            "version": "0.3.5",
            "dev": true,
            "requires": {
                "d": "1",
                "es5-ext": "~0.10.14"
            }
        },
        "ext": {
            "version": "1.7.0",
            "dev": true,
            "requires": {
                "type": "^2.7.2"
            },
            "dependencies": {
                "type": {
                    "version": "2.7.2",
                    "dev": true
                }
            }
        },
        "is-promise": {
            "version": "2.2.2",
            "dev": true
        },
        "lru-queue": {
            "version": "0.1.0",
            "dev": true,
            "requires": {
                "es5-ext": "~0.10.2"
            }
        },
        "memoizee": {
            "version": "0.4.15",
            "dev": true,
            "requires": {
                "d": "^1.0.1",
                "es5-ext": "^0.10.53",
                "es6-weak-map": "^2.0.3",
                "event-emitter": "^0.3.5",
                "is-promise": "^2.2.2",
                "lru-queue": "^0.1.0",
                "next-tick": "^1.1.0",
                "timers-ext": "^0.1.7"
            }
        },
        "next-tick": {
            "version": "1.1.0",
            "dev": true
        },
        "timers-ext": {
            "version": "0.1.7",
            "dev": true,
            "requires": {
                "es5-ext": "~0.10.46",
                "next-tick": "1"
            }
        },
        "type": {
            "version": "1.2.0",
            "dev": true
        }
    }
}
